
Microsoft Visual Studio Solution File, Format Version 12.00
# Visual Studio 15
VisualStudioVersion = 15.0.28307.168
MinimumVisualStudioVersion = 10.0.40219.1
Project("{9A19103F-16F7-4668-BE54-9A1E7A4F7556}") = "OpenVII", "OpenVII\OpenVII.csproj", "{475A806C-F7C7-4F3C-8C42-F53AAC2CD97F}"
EndProject
Project("{9A19103F-16F7-4668-BE54-9A1E7A4F7556}") = "FileFormats", "FileFormats\FileFormats.csproj", "{01175DC4-8802-4E66-B0EA-1CC1C55368BD}"
EndProject
Project("{9A19103F-16F7-4668-BE54-9A1E7A4F7556}") = "FileFormats.Test", "FileFormats.Test\FileFormats.Test.csproj", "{0A08D4AD-390C-4A05-842C-56BDE149C1AD}"
EndProject
Project("{9A19103F-16F7-4668-BE54-9A1E7A4F7556}") = "OpenVII.Test", "OpenVII.Test\OpenVII.Test.csproj", "{2F814C9F-992F-4FC7-914B-20CF4EEB4496}"
EndProject
Project("{9A19103F-16F7-4668-BE54-9A1E7A4F7556}") = "FieldModule", "FieldModule\FieldModule.csproj", "{596F0562-9EA8-4F9B-B66B-D877CF1647C4}"
EndProject
Project("{9A19103F-16F7-4668-BE54-9A1E7A4F7556}") = "WorldModule", "WorldModule\WorldModule.csproj", "{F04CBC31-EDD6-4D63-9530-0D7B868A4A03}"
EndProject
Project("{9A19103F-16F7-4668-BE54-9A1E7A4F7556}") = "MenuModule", "MenuModule\MenuModule.csproj", "{7CAD3FB5-B88F-4C6B-BF25-B8857FF90C13}"
EndProject
Project("{9A19103F-16F7-4668-BE54-9A1E7A4F7556}") = "BattleModule", "BattleModule\BattleModule.csproj", "{1CAAE1BC-634F-4A13-8E05-23EDCDC32D31}"
EndProject
Project("{9A19103F-16F7-4668-BE54-9A1E7A4F7556}") = "MiniGameModule", "MiniGameModule\MiniGameModule.csproj", "{10BBF0F9-7686-4769-98AE-891BA95A910C}"
EndProject
Project("{2150E333-8FDC-42A3-9474-1A3956D46DE8}") = "UnitTest", "UnitTest", "{E134606C-A77D-4C0E-9C52-A149FA3D1A76}"
EndProject
Project("{9A19103F-16F7-4668-BE54-9A1E7A4F7556}") = "Engine", "Engine\Engine.csproj", "{FA7701D7-38DA-4CD9-AD27-AB4D69AE8F89}"
EndProject
Project("{9A19103F-16F7-4668-BE54-9A1E7A4F7556}") = "Shared", "Shared\Shared.csproj", "{168E460D-2223-432F-89B5-5D9657778C39}"
EndProject
Project("{2150E333-8FDC-42A3-9474-1A3956D46DE8}") = "Modules", "Modules", "{31B4FBE3-A312-49D3-8B96-818EAB54830F}"
EndProject
Project("{FAE04EC0-301F-11D3-BF4B-00C04F79EFBC}") = "TestingModule", "TestingModule\TestingModule.csproj", "{186A9510-22A4-4157-AE6D-6287F9EEA8C1}"
EndProject
Global
	GlobalSection(SolutionConfigurationPlatforms) = preSolution
		Debug|Any CPU = Debug|Any CPU
		Release|Any CPU = Release|Any CPU
	EndGlobalSection
	GlobalSection(ProjectConfigurationPlatforms) = postSolution
		{475A806C-F7C7-4F3C-8C42-F53AAC2CD97F}.Debug|Any CPU.ActiveCfg = Debug|Any CPU
		{475A806C-F7C7-4F3C-8C42-F53AAC2CD97F}.Debug|Any CPU.Build.0 = Debug|Any CPU
		{475A806C-F7C7-4F3C-8C42-F53AAC2CD97F}.Release|Any CPU.ActiveCfg = Release|Any CPU
		{475A806C-F7C7-4F3C-8C42-F53AAC2CD97F}.Release|Any CPU.Build.0 = Release|Any CPU
		{01175DC4-8802-4E66-B0EA-1CC1C55368BD}.Debug|Any CPU.ActiveCfg = Debug|Any CPU
		{01175DC4-8802-4E66-B0EA-1CC1C55368BD}.Debug|Any CPU.Build.0 = Debug|Any CPU
		{01175DC4-8802-4E66-B0EA-1CC1C55368BD}.Release|Any CPU.ActiveCfg = Release|Any CPU
		{01175DC4-8802-4E66-B0EA-1CC1C55368BD}.Release|Any CPU.Build.0 = Release|Any CPU
		{0A08D4AD-390C-4A05-842C-56BDE149C1AD}.Debug|Any CPU.ActiveCfg = Debug|Any CPU
		{0A08D4AD-390C-4A05-842C-56BDE149C1AD}.Debug|Any CPU.Build.0 = Debug|Any CPU
		{0A08D4AD-390C-4A05-842C-56BDE149C1AD}.Release|Any CPU.ActiveCfg = Release|Any CPU
		{0A08D4AD-390C-4A05-842C-56BDE149C1AD}.Release|Any CPU.Build.0 = Release|Any CPU
		{2F814C9F-992F-4FC7-914B-20CF4EEB4496}.Debug|Any CPU.ActiveCfg = Debug|Any CPU
		{2F814C9F-992F-4FC7-914B-20CF4EEB4496}.Debug|Any CPU.Build.0 = Debug|Any CPU
		{2F814C9F-992F-4FC7-914B-20CF4EEB4496}.Release|Any CPU.ActiveCfg = Release|Any CPU
		{2F814C9F-992F-4FC7-914B-20CF4EEB4496}.Release|Any CPU.Build.0 = Release|Any CPU
		{596F0562-9EA8-4F9B-B66B-D877CF1647C4}.Debug|Any CPU.ActiveCfg = Debug|Any CPU
		{596F0562-9EA8-4F9B-B66B-D877CF1647C4}.Debug|Any CPU.Build.0 = Debug|Any CPU
		{596F0562-9EA8-4F9B-B66B-D877CF1647C4}.Release|Any CPU.ActiveCfg = Release|Any CPU
		{596F0562-9EA8-4F9B-B66B-D877CF1647C4}.Release|Any CPU.Build.0 = Release|Any CPU
		{F04CBC31-EDD6-4D63-9530-0D7B868A4A03}.Debug|Any CPU.ActiveCfg = Debug|Any CPU
		{F04CBC31-EDD6-4D63-9530-0D7B868A4A03}.Debug|Any CPU.Build.0 = Debug|Any CPU
		{F04CBC31-EDD6-4D63-9530-0D7B868A4A03}.Release|Any CPU.ActiveCfg = Release|Any CPU
		{F04CBC31-EDD6-4D63-9530-0D7B868A4A03}.Release|Any CPU.Build.0 = Release|Any CPU
		{7CAD3FB5-B88F-4C6B-BF25-B8857FF90C13}.Debug|Any CPU.ActiveCfg = Debug|Any CPU
		{7CAD3FB5-B88F-4C6B-BF25-B8857FF90C13}.Debug|Any CPU.Build.0 = Debug|Any CPU
		{7CAD3FB5-B88F-4C6B-BF25-B8857FF90C13}.Release|Any CPU.ActiveCfg = Release|Any CPU
		{7CAD3FB5-B88F-4C6B-BF25-B8857FF90C13}.Release|Any CPU.Build.0 = Release|Any CPU
		{1CAAE1BC-634F-4A13-8E05-23EDCDC32D31}.Debug|Any CPU.ActiveCfg = Debug|Any CPU
		{1CAAE1BC-634F-4A13-8E05-23EDCDC32D31}.Debug|Any CPU.Build.0 = Debug|Any CPU
		{1CAAE1BC-634F-4A13-8E05-23EDCDC32D31}.Release|Any CPU.ActiveCfg = Release|Any CPU
		{1CAAE1BC-634F-4A13-8E05-23EDCDC32D31}.Release|Any CPU.Build.0 = Release|Any CPU
		{10BBF0F9-7686-4769-98AE-891BA95A910C}.Debug|Any CPU.ActiveCfg = Debug|Any CPU
		{10BBF0F9-7686-4769-98AE-891BA95A910C}.Debug|Any CPU.Build.0 = Debug|Any CPU
		{10BBF0F9-7686-4769-98AE-891BA95A910C}.Release|Any CPU.ActiveCfg = Release|Any CPU
		{10BBF0F9-7686-4769-98AE-891BA95A910C}.Release|Any CPU.Build.0 = Release|Any CPU
		{FA7701D7-38DA-4CD9-AD27-AB4D69AE8F89}.Debug|Any CPU.ActiveCfg = Debug|Any CPU
		{FA7701D7-38DA-4CD9-AD27-AB4D69AE8F89}.Debug|Any CPU.Build.0 = Debug|Any CPU
		{FA7701D7-38DA-4CD9-AD27-AB4D69AE8F89}.Release|Any CPU.ActiveCfg = Release|Any CPU
		{FA7701D7-38DA-4CD9-AD27-AB4D69AE8F89}.Release|Any CPU.Build.0 = Release|Any CPU
		{168E460D-2223-432F-89B5-5D9657778C39}.Debug|Any CPU.ActiveCfg = Debug|Any CPU
		{168E460D-2223-432F-89B5-5D9657778C39}.Debug|Any CPU.Build.0 = Debug|Any CPU
		{168E460D-2223-432F-89B5-5D9657778C39}.Release|Any CPU.ActiveCfg = Release|Any CPU
		{168E460D-2223-432F-89B5-5D9657778C39}.Release|Any CPU.Build.0 = Release|Any CPU
		{186A9510-22A4-4157-AE6D-6287F9EEA8C1}.Debug|Any CPU.ActiveCfg = Debug|Any CPU
		{186A9510-22A4-4157-AE6D-6287F9EEA8C1}.Debug|Any CPU.Build.0 = Debug|Any CPU
		{186A9510-22A4-4157-AE6D-6287F9EEA8C1}.Release|Any CPU.ActiveCfg = Release|Any CPU
		{186A9510-22A4-4157-AE6D-6287F9EEA8C1}.Release|Any CPU.Build.0 = Release|Any CPU
	EndGlobalSection
	GlobalSection(SolutionProperties) = preSolution
		HideSolutionNode = FALSE
	EndGlobalSection
	GlobalSection(NestedProjects) = preSolution
		{0A08D4AD-390C-4A05-842C-56BDE149C1AD} = {E134606C-A77D-4C0E-9C52-A149FA3D1A76}
		{2F814C9F-992F-4FC7-914B-20CF4EEB4496} = {E134606C-A77D-4C0E-9C52-A149FA3D1A76}
		{596F0562-9EA8-4F9B-B66B-D877CF1647C4} = {31B4FBE3-A312-49D3-8B96-818EAB54830F}
		{F04CBC31-EDD6-4D63-9530-0D7B868A4A03} = {31B4FBE3-A312-49D3-8B96-818EAB54830F}
		{7CAD3FB5-B88F-4C6B-BF25-B8857FF90C13} = {31B4FBE3-A312-49D3-8B96-818EAB54830F}
		{1CAAE1BC-634F-4A13-8E05-23EDCDC32D31} = {31B4FBE3-A312-49D3-8B96-818EAB54830F}
		{10BBF0F9-7686-4769-98AE-891BA95A910C} = {31B4FBE3-A312-49D3-8B96-818EAB54830F}
		{186A9510-22A4-4157-AE6D-6287F9EEA8C1} = {31B4FBE3-A312-49D3-8B96-818EAB54830F}
	EndGlobalSection
	GlobalSection(ExtensibilityGlobals) = postSolution
		SolutionGuid = {7A6986B9-C8F9-4C1F-B3A8-C064D9883DBE}
	EndGlobalSection
EndGlobal
